
Microsoft Visual Studio Solution File, Format Version 12.00
# Visual Studio Version 16
VisualStudioVersion = 16.0.32510.428
MinimumVisualStudioVersion = 10.0.40219.1
Project("{9A19103F-16F7-4668-BE54-9A1E7A4F7556}") = "AVLTree", "AVLTree\AVLTree.csproj", "{76E7F605-9E8A-42DA-9839-4120952D10D9}"
EndProject
Project("{9A19103F-16F7-4668-BE54-9A1E7A4F7556}") = "Level", "Level\Level.csproj", "{5A853BD6-B308-4BEB-B81E-62F59528C5F4}"
EndProject
Project("{FAE04EC0-301F-11D3-BF4B-00C04F79EFBC}") = "Model", "Model\Model.csproj", "{AFD843EC-1AE7-43C4-94C3-66D995A29370}"
EndProject
Project("{FAE04EC0-301F-11D3-BF4B-00C04F79EFBC}") = "Table", "Table\Table.csproj", "{76EA8007-0507-40AD-966F-ADFD678AC949}"
EndProject
Project("{FAE04EC0-301F-11D3-BF4B-00C04F79EFBC}") = "Utility", "Utility\Utility.csproj", "{4418C946-8879-4C5A-A10E-FC2749D3D74D}"
EndProject
Global
	GlobalSection(SolutionConfigurationPlatforms) = preSolution
		Debug|Any CPU = Debug|Any CPU
		Release|Any CPU = Release|Any CPU
	EndGlobalSection
	GlobalSection(ProjectConfigurationPlatforms) = postSolution
		{76E7F605-9E8A-42DA-9839-4120952D10D9}.Debug|Any CPU.ActiveCfg = Debug|Any CPU
		{76E7F605-9E8A-42DA-9839-4120952D10D9}.Debug|Any CPU.Build.0 = Debug|Any CPU
		{76E7F605-9E8A-42DA-9839-4120952D10D9}.Release|Any CPU.ActiveCfg = Release|Any CPU
		{76E7F605-9E8A-42DA-9839-4120952D10D9}.Release|Any CPU.Build.0 = Release|Any CPU
		{5A853BD6-B308-4BEB-B81E-62F59528C5F4}.Debug|Any CPU.ActiveCfg = Debug|Any CPU
		{5A853BD6-B308-4BEB-B81E-62F59528C5F4}.Debug|Any CPU.Build.0 = Debug|Any CPU
		{5A853BD6-B308-4BEB-B81E-62F59528C5F4}.Release|Any CPU.ActiveCfg = Release|Any CPU
		{5A853BD6-B308-4BEB-B81E-62F59528C5F4}.Release|Any CPU.Build.0 = Release|Any CPU
		{AFD843EC-1AE7-43C4-94C3-66D995A29370}.Debug|Any CPU.ActiveCfg = Debug|Any CPU
		{AFD843EC-1AE7-43C4-94C3-66D995A29370}.Debug|Any CPU.Build.0 = Debug|Any CPU
		{AFD843EC-1AE7-43C4-94C3-66D995A29370}.Release|Any CPU.ActiveCfg = Release|Any CPU
		{AFD843EC-1AE7-43C4-94C3-66D995A29370}.Release|Any CPU.Build.0 = Release|Any CPU
		{76EA8007-0507-40AD-966F-ADFD678AC949}.Debug|Any CPU.ActiveCfg = Debug|Any CPU
		{76EA8007-0507-40AD-966F-ADFD678AC949}.Debug|Any CPU.Build.0 = Debug|Any CPU
		{76EA8007-0507-40AD-966F-ADFD678AC949}.Release|Any CPU.ActiveCfg = Release|Any CPU
		{76EA8007-0507-40AD-966F-ADFD678AC949}.Release|Any CPU.Build.0 = Release|Any CPU
		{4418C946-8879-4C5A-A10E-FC2749D3D74D}.Debug|Any CPU.ActiveCfg = Debug|Any CPU
		{4418C946-8879-4C5A-A10E-FC2749D3D74D}.Debug|Any CPU.Build.0 = Debug|Any CPU
		{4418C946-8879-4C5A-A10E-FC2749D3D74D}.Release|Any CPU.ActiveCfg = Release|Any CPU
		{4418C946-8879-4C5A-A10E-FC2749D3D74D}.Release|Any CPU.Build.0 = Release|Any CPU
	EndGlobalSection
	GlobalSection(SolutionProperties) = preSolution
		HideSolutionNode = FALSE
	EndGlobalSection
	GlobalSection(ExtensibilityGlobals) = postSolution
		SolutionGuid = {238F8800-E729-435F-9812-EF3C45413258}
	EndGlobalSection
EndGlobal
